
Microsoft Visual Studio Solution File, Format Version 12.00
# Visual Studio Version 16
VisualStudioVersion = 16.0.30907.101
MinimumVisualStudioVersion = 10.0.40219.1
Project("{FAE04EC0-301F-11D3-BF4B-00C04F79EFBC}") = "CompiPascal", "CompiPascal\CompiPascal.csproj", "{48106609-D2F8-4305-AEF8-5674C5811021}"
EndProject
Global
	GlobalSection(SolutionConfigurationPlatforms) = preSolution
		Debug|Any CPU = Debug|Any CPU
		Release|Any CPU = Release|Any CPU
	EndGlobalSection
	GlobalSection(ProjectConfigurationPlatforms) = postSolution
		{48106609-D2F8-4305-AEF8-5674C5811021}.Debug|Any CPU.ActiveCfg = Debug|Any CPU
		{48106609-D2F8-4305-AEF8-5674C5811021}.Debug|Any CPU.Build.0 = Debug|Any CPU
		{48106609-D2F8-4305-AEF8-5674C5811021}.Release|Any CPU.ActiveCfg = Release|Any CPU
		{48106609-D2F8-4305-AEF8-5674C5811021}.Release|Any CPU.Build.0 = Release|Any CPU
	EndGlobalSection
	GlobalSection(SolutionProperties) = preSolution
		HideSolutionNode = FALSE
	EndGlobalSection
	GlobalSection(ExtensibilityGlobals) = postSolution
		SolutionGuid = {DE2F9D5C-6822-4E3F-A021-95D6D083196C}
	EndGlobalSection
EndGlobal
